
Microsoft Visual Studio Solution File, Format Version 12.00
# Visual Studio Version 16
VisualStudioVersion = 16.0.28803.202
MinimumVisualStudioVersion = 10.0.40219.1
Project("{FAE04EC0-301F-11D3-BF4B-00C04F79EFBC}") = "Identificado_Visual", "Identificado_Visual\Identificado_Visual.csproj", "{DA7A0DF4-EB03-48A0-8345-6DCDC799DBE8}"
EndProject
Global
	GlobalSection(SolutionConfigurationPlatforms) = preSolution
		Debug|Any CPU = Debug|Any CPU
		Release|Any CPU = Release|Any CPU
	EndGlobalSection
	GlobalSection(ProjectConfigurationPlatforms) = postSolution
		{DA7A0DF4-EB03-48A0-8345-6DCDC799DBE8}.Debug|Any CPU.ActiveCfg = Debug|Any CPU
		{DA7A0DF4-EB03-48A0-8345-6DCDC799DBE8}.Debug|Any CPU.Build.0 = Debug|Any CPU
		{DA7A0DF4-EB03-48A0-8345-6DCDC799DBE8}.Release|Any CPU.ActiveCfg = Release|Any CPU
		{DA7A0DF4-EB03-48A0-8345-6DCDC799DBE8}.Release|Any CPU.Build.0 = Release|Any CPU
	EndGlobalSection
	GlobalSection(SolutionProperties) = preSolution
		HideSolutionNode = FALSE
	EndGlobalSection
	GlobalSection(ExtensibilityGlobals) = postSolution
		SolutionGuid = {D6E41120-42FA-4F71-9D7D-D77D03132FC6}
	EndGlobalSection
EndGlobal
